
Microsoft Visual Studio Solution File, Format Version 12.00
# Visual Studio 14
VisualStudioVersion = 14.0.25123.0
MinimumVisualStudioVersion = 10.0.40219.1
Project("{FAE04EC0-301F-11D3-BF4B-00C04F79EFBC}") = "PICSolver", "PICSolver\PICSolver.csproj", "{EEF10D6E-2FDD-4386-B571-1EF297BB651F}"
EndProject
Project("{FAE04EC0-301F-11D3-BF4B-00C04F79EFBC}") = "TestConsole", "TestConsole\TestConsole.csproj", "{DC72C7C9-0E7E-41F3-8155-E989AE803262}"
EndProject
Project("{FAE04EC0-301F-11D3-BF4B-00C04F79EFBC}") = "SimulationTool", "SimulationTool\SimulationTool.csproj", "{0F56EDA9-CF7F-4C49-A67B-3FCD434D4902}"
EndProject
Project("{FAE04EC0-301F-11D3-BF4B-00C04F79EFBC}") = "alglib", "alglib\alglib.csproj", "{7FEE9356-3C3A-4CEE-9760-85FA0E76E799}"
EndProject
Project("{FAE04EC0-301F-11D3-BF4B-00C04F79EFBC}") = "ConsolePIC", "ConsolePIC\ConsolePIC.csproj", "{138704AA-3337-4C1D-8C9F-34306C85DABD}"
EndProject
Global
	GlobalSection(SolutionConfigurationPlatforms) = preSolution
		Debug|Any CPU = Debug|Any CPU
		Release|Any CPU = Release|Any CPU
	EndGlobalSection
	GlobalSection(ProjectConfigurationPlatforms) = postSolution
		{EEF10D6E-2FDD-4386-B571-1EF297BB651F}.Debug|Any CPU.ActiveCfg = Debug|Any CPU
		{EEF10D6E-2FDD-4386-B571-1EF297BB651F}.Debug|Any CPU.Build.0 = Debug|Any CPU
		{EEF10D6E-2FDD-4386-B571-1EF297BB651F}.Release|Any CPU.ActiveCfg = Release|Any CPU
		{EEF10D6E-2FDD-4386-B571-1EF297BB651F}.Release|Any CPU.Build.0 = Release|Any CPU
		{DC72C7C9-0E7E-41F3-8155-E989AE803262}.Debug|Any CPU.ActiveCfg = Debug|Any CPU
		{DC72C7C9-0E7E-41F3-8155-E989AE803262}.Debug|Any CPU.Build.0 = Debug|Any CPU
		{DC72C7C9-0E7E-41F3-8155-E989AE803262}.Release|Any CPU.ActiveCfg = Release|Any CPU
		{DC72C7C9-0E7E-41F3-8155-E989AE803262}.Release|Any CPU.Build.0 = Release|Any CPU
		{0F56EDA9-CF7F-4C49-A67B-3FCD434D4902}.Debug|Any CPU.ActiveCfg = Debug|Any CPU
		{0F56EDA9-CF7F-4C49-A67B-3FCD434D4902}.Debug|Any CPU.Build.0 = Debug|Any CPU
		{0F56EDA9-CF7F-4C49-A67B-3FCD434D4902}.Release|Any CPU.ActiveCfg = Release|Any CPU
		{0F56EDA9-CF7F-4C49-A67B-3FCD434D4902}.Release|Any CPU.Build.0 = Release|Any CPU
		{7FEE9356-3C3A-4CEE-9760-85FA0E76E799}.Debug|Any CPU.ActiveCfg = Debug|Any CPU
		{7FEE9356-3C3A-4CEE-9760-85FA0E76E799}.Debug|Any CPU.Build.0 = Debug|Any CPU
		{7FEE9356-3C3A-4CEE-9760-85FA0E76E799}.Release|Any CPU.ActiveCfg = Release|Any CPU
		{7FEE9356-3C3A-4CEE-9760-85FA0E76E799}.Release|Any CPU.Build.0 = Release|Any CPU
		{138704AA-3337-4C1D-8C9F-34306C85DABD}.Debug|Any CPU.ActiveCfg = Debug|Any CPU
		{138704AA-3337-4C1D-8C9F-34306C85DABD}.Debug|Any CPU.Build.0 = Debug|Any CPU
		{138704AA-3337-4C1D-8C9F-34306C85DABD}.Release|Any CPU.ActiveCfg = Release|Any CPU
		{138704AA-3337-4C1D-8C9F-34306C85DABD}.Release|Any CPU.Build.0 = Release|Any CPU
	EndGlobalSection
	GlobalSection(SolutionProperties) = preSolution
		HideSolutionNode = FALSE
	EndGlobalSection
EndGlobal
